// !$*UTF8*$!
{
	archiveVersion = 1;
	classes = {
	};
	objectVersion = 46;
	objects = {

/* Begin PBXBuildFile section */
		7C4B764520F7D91D00BFF986 /* blend_shaders.cpp in Sources */ = {isa = PBXBuildFile; fileRef = 7C4B764420F7D91D00BFF986 /* blend_shaders.cpp */; };
		7C53CE4320EA885700DE1866 /* fbo_canvas.cpp in Sources */ = {isa = PBXBuildFile; fileRef = 7C53CE4120EA885700DE1866 /* fbo_canvas.cpp */; };
		7C53CE4620EAAE7E00DE1866 /* layer_compositor.cpp in Sources */ = {isa = PBXBuildFile; fileRef = 7C53CE4420EAAE7E00DE1866 /* layer_compositor.cpp */; };
		7C53CE4920EFDB2500DE1866 /* gui.cpp in Sources */ = {isa = PBXBuildFile; fileRef = 7C53CE4720EFDB2500DE1866 /* gui.cpp */; };
		7C53CE4E20EFE5B900DE1866 /* layers.cpp in Sources */ = {isa = PBXBuildFile; fileRef = 7C53CE4C20EFE5B900DE1866 /* layers.cpp */; };
		7C53CE5120EFE5FD00DE1866 /* preview.cpp in Sources */ = {isa = PBXBuildFile; fileRef = 7C53CE4F20EFE5FD00DE1866 /* preview.cpp */; };
		7C53CE5420EFE60A00DE1866 /* output.cpp in Sources */ = {isa = PBXBuildFile; fileRef = 7C53CE5220EFE60A00DE1866 /* output.cpp */; };
		7C53CE5720EFE62900DE1866 /* properties.cpp in Sources */ = {isa = PBXBuildFile; fileRef = 7C53CE5520EFE62900DE1866 /* properties.cpp */; };
		7C53CE5C20F0E58300DE1866 /* empty.cpp in Sources */ = {isa = PBXBuildFile; fileRef = 7C53CE5A20F0E58300DE1866 /* empty.cpp */; };
		7C53CE6820F2393D00DE1866 /* DataBlock.cpp in Sources */ = {isa = PBXBuildFile; fileRef = 7C53CE6020F2393D00DE1866 /* DataBlock.cpp */; };
		7C53CE6920F2393D00DE1866 /* BitmapIterator.cpp in Sources */ = {isa = PBXBuildFile; fileRef = 7C53CE6120F2393D00DE1866 /* BitmapIterator.cpp */; };
		7C53CE6A20F2393D00DE1866 /* GifFrame.cpp in Sources */ = {isa = PBXBuildFile; fileRef = 7C53CE6220F2393D00DE1866 /* GifFrame.cpp */; };
		7C53CE6B20F2393D00DE1866 /* BaseGifEncoder.cpp in Sources */ = {isa = PBXBuildFile; fileRef = 7C53CE6320F2393D00DE1866 /* BaseGifEncoder.cpp */; };
		7C53CE6C20F2393D00DE1866 /* GifDecoder.cpp in Sources */ = {isa = PBXBuildFile; fileRef = 7C53CE6520F2393D00DE1866 /* GifDecoder.cpp */; };
		7C53CE6F20F239D500DE1866 /* gif_preloader.cpp in Sources */ = {isa = PBXBuildFile; fileRef = 7C53CE6E20F239D500DE1866 /* gif_preloader.cpp */; };
		7C53CE7220F23CC000DE1866 /* gif_directory.cpp in Sources */ = {isa = PBXBuildFile; fileRef = 7C53CE7020F23CC000DE1866 /* gif_directory.cpp */; };
		7C53CE7520F3337000DE1866 /* properties_partials.cpp in Sources */ = {isa = PBXBuildFile; fileRef = 7C53CE7320F3337000DE1866 /* properties_partials.cpp */; };
		7C598852210DC28F0037F853 /* ofxBeat.cpp in Sources */ = {isa = PBXBuildFile; fileRef = 7C598850210DC28F0037F853 /* ofxBeat.cpp */; };
		7C598855210DC2CA0037F853 /* fft.cpp in Sources */ = {isa = PBXBuildFile; fileRef = 7C598853210DC2CA0037F853 /* fft.cpp */; };
		7C598858210E41E30037F853 /* gif.cpp in Sources */ = {isa = PBXBuildFile; fileRef = 7C598856210E41E30037F853 /* gif.cpp */; };
		7C6D5DD2211E165F0054A1FC /* imgui.cpp in Sources */ = {isa = PBXBuildFile; fileRef = 7C6D5DA3211E165F0054A1FC /* imgui.cpp */; };
		7C6D5DD3211E165F0054A1FC /* imgui_demo.cpp in Sources */ = {isa = PBXBuildFile; fileRef = 7C6D5DA6211E165F0054A1FC /* imgui_demo.cpp */; };
		7C6D5DD4211E165F0054A1FC /* imgui_draw.cpp in Sources */ = {isa = PBXBuildFile; fileRef = 7C6D5DA7211E165F0054A1FC /* imgui_draw.cpp */; };
		7C6D5DD9211E165F0054A1FC /* Helpers.cpp in Sources */ = {isa = PBXBuildFile; fileRef = 7C6D5DBC211E165F0054A1FC /* Helpers.cpp */; };
		7C6D5DDA211E165F0054A1FC /* BaseTheme.cpp in Sources */ = {isa = PBXBuildFile; fileRef = 7C6D5DBE211E165F0054A1FC /* BaseTheme.cpp */; };
		7C6D5DDB211E165F0054A1FC /* BaseEngine.cpp in Sources */ = {isa = PBXBuildFile; fileRef = 7C6D5DC0211E165F0054A1FC /* BaseEngine.cpp */; };
		7C6D5DDC211E165F0054A1FC /* Gui.cpp in Sources */ = {isa = PBXBuildFile; fileRef = 7C6D5DC7211E165F0054A1FC /* Gui.cpp */; };
		7C6D5DDD211E165F0054A1FC /* EngineVk.cpp in Sources */ = {isa = PBXBuildFile; fileRef = 7C6D5DC8211E165F0054A1FC /* EngineVk.cpp */; };
		7C6D5DDE211E165F0054A1FC /* EngineOpenGLES.cpp in Sources */ = {isa = PBXBuildFile; fileRef = 7C6D5DC9211E165F0054A1FC /* EngineOpenGLES.cpp */; };
		7C6D5DDF211E165F0054A1FC /* EngineGLFW.cpp in Sources */ = {isa = PBXBuildFile; fileRef = 7C6D5DCA211E165F0054A1FC /* EngineGLFW.cpp */; };
		7C6D5DE0211E165F0054A1FC /* ofxImGuiLoggerChannel.cpp in Sources */ = {isa = PBXBuildFile; fileRef = 7C6D5DCE211E165F0054A1FC /* ofxImGuiLoggerChannel.cpp */; };
		7C6D5DE4211E1C330054A1FC /* bpm_modifier.cpp in Sources */ = {isa = PBXBuildFile; fileRef = 7C6D5DE2211E1C330054A1FC /* bpm_modifier.cpp */; };
		7C6D5DEA211F38EF0054A1FC /* image_preloader.cpp in Sources */ = {isa = PBXBuildFile; fileRef = 7C6D5DE8211F38EF0054A1FC /* image_preloader.cpp */; };
		7C6D5DEE211F3D340054A1FC /* image.cpp in Sources */ = {isa = PBXBuildFile; fileRef = 7C6D5DEC211F3D340054A1FC /* image.cpp */; };
		7C6D5DF121202B500054A1FC /* image_slideshow.cpp in Sources */ = {isa = PBXBuildFile; fileRef = 7C6D5DEF21202B500054A1FC /* image_slideshow.cpp */; };
		7C8DA10520E5605900A7016A /* app.cpp in Sources */ = {isa = PBXBuildFile; fileRef = 7C8DA10320E5605900A7016A /* app.cpp */; };
		7C8DA10820E56FC200A7016A /* layer_container.cpp in Sources */ = {isa = PBXBuildFile; fileRef = 7C8DA10620E56FC200A7016A /* layer_container.cpp */; };
		7CB7ADCC20F89D3B0050626C /* system.cpp in Sources */ = {isa = PBXBuildFile; fileRef = 7CB7ADCA20F89D3B0050626C /* system.cpp */; };
		7CB7ADCF20F8A51B0050626C /* ofOutputApp.cpp in Sources */ = {isa = PBXBuildFile; fileRef = 7CB7ADCD20F8A51B0050626C /* ofOutputApp.cpp */; };
		7CB7ADD220F8A64F0050626C /* output_window.cpp in Sources */ = {isa = PBXBuildFile; fileRef = 7CB7ADD020F8A64F0050626C /* output_window.cpp */; };
		7CB7ADD520FBA9620050626C /* text.cpp in Sources */ = {isa = PBXBuildFile; fileRef = 7CB7ADD320FBA9620050626C /* text.cpp */; };
		7CB7ADDC20FBDB850050626C /* media_selector.cpp in Sources */ = {isa = PBXBuildFile; fileRef = 7CB7ADDA20FBDB850050626C /* media_selector.cpp */; };
		E4328149138ABC9F0047C5CB /* openFrameworksDebug.a in Frameworks */ = {isa = PBXBuildFile; fileRef = E4328148138ABC890047C5CB /* openFrameworksDebug.a */; };
		E4B69E200A3A1BDC003C02F2 /* main.cpp in Sources */ = {isa = PBXBuildFile; fileRef = E4B69E1D0A3A1BDC003C02F2 /* main.cpp */; };
		E4B69E210A3A1BDC003C02F2 /* ofApp.cpp in Sources */ = {isa = PBXBuildFile; fileRef = E4B69E1E0A3A1BDC003C02F2 /* ofApp.cpp */; };
/* End PBXBuildFile section */

/* Begin PBXContainerItemProxy section */
		E4328147138ABC890047C5CB /* PBXContainerItemProxy */ = {
			isa = PBXContainerItemProxy;
			containerPortal = E4328143138ABC890047C5CB /* openFrameworksLib.xcodeproj */;
			proxyType = 2;
			remoteGlobalIDString = E4B27C1510CBEB8E00536013;
			remoteInfo = openFrameworks;
		};
		E4EEB9AB138B136A00A80321 /* PBXContainerItemProxy */ = {
			isa = PBXContainerItemProxy;
			containerPortal = E4328143138ABC890047C5CB /* openFrameworksLib.xcodeproj */;
			proxyType = 1;
			remoteGlobalIDString = E4B27C1410CBEB8E00536013;
			remoteInfo = openFrameworks;
		};
/* End PBXContainerItemProxy section */

/* Begin PBXCopyFilesBuildPhase section */
		E4C2427710CC5ABF004149E2 /* CopyFiles */ = {
			isa = PBXCopyFilesBuildPhase;
			buildActionMask = 2147483647;
			dstPath = "";
			dstSubfolderSpec = 10;
			files = (
			);
			runOnlyForDeploymentPostprocessing = 0;
		};
/* End PBXCopyFilesBuildPhase section */

/* Begin PBXFileReference section */
		7C38A20A208E5E5E00CBC8BD /* README.md */ = {isa = PBXFileReference; fileEncoding = 4; lastKnownFileType = net.daringfireball.markdown; path = README.md; sourceTree = "<group>"; };
		7C38A20B208E5E6F00CBC8BD /* screenshot.jpg */ = {isa = PBXFileReference; lastKnownFileType = image.jpeg; path = screenshot.jpg; sourceTree = "<group>"; };
		7C4B764320F7A7A300BFF986 /* blend_shaders.hpp */ = {isa = PBXFileReference; lastKnownFileType = sourcecode.cpp.h; path = blend_shaders.hpp; sourceTree = "<group>"; };
		7C4B764420F7D91D00BFF986 /* blend_shaders.cpp */ = {isa = PBXFileReference; lastKnownFileType = sourcecode.cpp.cpp; path = blend_shaders.cpp; sourceTree = "<group>"; };
		7C4C21F2213DAF45005DCF7D /* linear_timeline.hpp */ = {isa = PBXFileReference; lastKnownFileType = sourcecode.cpp.h; path = linear_timeline.hpp; sourceTree = "<group>"; };
		7C53CE4120EA885700DE1866 /* fbo_canvas.cpp */ = {isa = PBXFileReference; lastKnownFileType = sourcecode.cpp.cpp; path = fbo_canvas.cpp; sourceTree = "<group>"; };
		7C53CE4220EA885700DE1866 /* fbo_canvas.hpp */ = {isa = PBXFileReference; lastKnownFileType = sourcecode.cpp.h; path = fbo_canvas.hpp; sourceTree = "<group>"; };
		7C53CE4420EAAE7E00DE1866 /* layer_compositor.cpp */ = {isa = PBXFileReference; lastKnownFileType = sourcecode.cpp.cpp; path = layer_compositor.cpp; sourceTree = "<group>"; };
		7C53CE4520EAAE7E00DE1866 /* layer_compositor.hpp */ = {isa = PBXFileReference; lastKnownFileType = sourcecode.cpp.h; path = layer_compositor.hpp; sourceTree = "<group>"; };
		7C53CE4720EFDB2500DE1866 /* gui.cpp */ = {isa = PBXFileReference; lastKnownFileType = sourcecode.cpp.cpp; path = gui.cpp; sourceTree = "<group>"; };
		7C53CE4820EFDB2500DE1866 /* gui.hpp */ = {isa = PBXFileReference; lastKnownFileType = sourcecode.cpp.h; path = gui.hpp; sourceTree = "<group>"; };
		7C53CE4B20EFE18B00DE1866 /* app_settings.hpp */ = {isa = PBXFileReference; lastKnownFileType = sourcecode.cpp.h; path = app_settings.hpp; sourceTree = "<group>"; };
		7C53CE4C20EFE5B900DE1866 /* layers.cpp */ = {isa = PBXFileReference; lastKnownFileType = sourcecode.cpp.cpp; path = layers.cpp; sourceTree = "<group>"; };
		7C53CE4D20EFE5B900DE1866 /* layers.hpp */ = {isa = PBXFileReference; lastKnownFileType = sourcecode.cpp.h; path = layers.hpp; sourceTree = "<group>"; };
		7C53CE4F20EFE5FD00DE1866 /* preview.cpp */ = {isa = PBXFileReference; lastKnownFileType = sourcecode.cpp.cpp; path = preview.cpp; sourceTree = "<group>"; };
		7C53CE5020EFE5FD00DE1866 /* preview.hpp */ = {isa = PBXFileReference; lastKnownFileType = sourcecode.cpp.h; path = preview.hpp; sourceTree = "<group>"; };
		7C53CE5220EFE60A00DE1866 /* output.cpp */ = {isa = PBXFileReference; lastKnownFileType = sourcecode.cpp.cpp; path = output.cpp; sourceTree = "<group>"; };
		7C53CE5320EFE60A00DE1866 /* output.hpp */ = {isa = PBXFileReference; lastKnownFileType = sourcecode.cpp.h; path = output.hpp; sourceTree = "<group>"; };
		7C53CE5520EFE62900DE1866 /* properties.cpp */ = {isa = PBXFileReference; lastKnownFileType = sourcecode.cpp.cpp; path = properties.cpp; sourceTree = "<group>"; };
		7C53CE5620EFE62900DE1866 /* properties.hpp */ = {isa = PBXFileReference; lastKnownFileType = sourcecode.cpp.h; path = properties.hpp; sourceTree = "<group>"; };
		7C53CE5820EFE6B700DE1866 /* gui_settings.hpp */ = {isa = PBXFileReference; lastKnownFileType = sourcecode.cpp.h; path = gui_settings.hpp; sourceTree = "<group>"; };
		7C53CE5920EFEC7D00DE1866 /* types.hpp */ = {isa = PBXFileReference; lastKnownFileType = sourcecode.cpp.h; path = types.hpp; sourceTree = "<group>"; };
		7C53CE5A20F0E58300DE1866 /* empty.cpp */ = {isa = PBXFileReference; lastKnownFileType = sourcecode.cpp.cpp; path = empty.cpp; sourceTree = "<group>"; };
		7C53CE5B20F0E58300DE1866 /* empty.hpp */ = {isa = PBXFileReference; lastKnownFileType = sourcecode.cpp.h; path = empty.hpp; sourceTree = "<group>"; };
		7C53CE5E20F2393D00DE1866 /* DataBlock.h */ = {isa = PBXFileReference; fileEncoding = 4; lastKnownFileType = sourcecode.c.h; path = DataBlock.h; sourceTree = "<group>"; };
		7C53CE5F20F2393D00DE1866 /* GifDecoder.h */ = {isa = PBXFileReference; fileEncoding = 4; lastKnownFileType = sourcecode.c.h; path = GifDecoder.h; sourceTree = "<group>"; };
		7C53CE6020F2393D00DE1866 /* DataBlock.cpp */ = {isa = PBXFileReference; fileEncoding = 4; lastKnownFileType = sourcecode.cpp.cpp; path = DataBlock.cpp; sourceTree = "<group>"; };
		7C53CE6120F2393D00DE1866 /* BitmapIterator.cpp */ = {isa = PBXFileReference; fileEncoding = 4; lastKnownFileType = sourcecode.cpp.cpp; path = BitmapIterator.cpp; sourceTree = "<group>"; };
		7C53CE6220F2393D00DE1866 /* GifFrame.cpp */ = {isa = PBXFileReference; fileEncoding = 4; lastKnownFileType = sourcecode.cpp.cpp; path = GifFrame.cpp; sourceTree = "<group>"; };
		7C53CE6320F2393D00DE1866 /* BaseGifEncoder.cpp */ = {isa = PBXFileReference; fileEncoding = 4; lastKnownFileType = sourcecode.cpp.cpp; path = BaseGifEncoder.cpp; sourceTree = "<group>"; };
		7C53CE6420F2393D00DE1866 /* GifFrame.h */ = {isa = PBXFileReference; fileEncoding = 4; lastKnownFileType = sourcecode.c.h; path = GifFrame.h; sourceTree = "<group>"; };
		7C53CE6520F2393D00DE1866 /* GifDecoder.cpp */ = {isa = PBXFileReference; fileEncoding = 4; lastKnownFileType = sourcecode.cpp.cpp; path = GifDecoder.cpp; sourceTree = "<group>"; };
		7C53CE6620F2393D00DE1866 /* BitmapIterator.h */ = {isa = PBXFileReference; fileEncoding = 4; lastKnownFileType = sourcecode.c.h; path = BitmapIterator.h; sourceTree = "<group>"; };
		7C53CE6720F2393D00DE1866 /* BaseGifEncoder.h */ = {isa = PBXFileReference; fileEncoding = 4; lastKnownFileType = sourcecode.c.h; path = BaseGifEncoder.h; sourceTree = "<group>"; };
		7C53CE6D20F239D500DE1866 /* gif_preloader.hpp */ = {isa = PBXFileReference; fileEncoding = 4; lastKnownFileType = sourcecode.cpp.h; path = gif_preloader.hpp; sourceTree = "<group>"; };
		7C53CE6E20F239D500DE1866 /* gif_preloader.cpp */ = {isa = PBXFileReference; fileEncoding = 4; lastKnownFileType = sourcecode.cpp.cpp; path = gif_preloader.cpp; sourceTree = "<group>"; };
		7C53CE7020F23CC000DE1866 /* gif_directory.cpp */ = {isa = PBXFileReference; lastKnownFileType = sourcecode.cpp.cpp; path = gif_directory.cpp; sourceTree = "<group>"; };
		7C53CE7120F23CC000DE1866 /* gif_directory.hpp */ = {isa = PBXFileReference; lastKnownFileType = sourcecode.cpp.h; path = gif_directory.hpp; sourceTree = "<group>"; };
		7C53CE7320F3337000DE1866 /* properties_partials.cpp */ = {isa = PBXFileReference; lastKnownFileType = sourcecode.cpp.cpp; path = properties_partials.cpp; sourceTree = "<group>"; };
		7C53CE7420F3337000DE1866 /* properties_partials.hpp */ = {isa = PBXFileReference; lastKnownFileType = sourcecode.cpp.h; path = properties_partials.hpp; sourceTree = "<group>"; };
		7C55F1962120B65C0051F73B /* json.hpp */ = {isa = PBXFileReference; fileEncoding = 4; lastKnownFileType = sourcecode.cpp.h; path = json.hpp; sourceTree = "<group>"; };
		7C55F1982120B78D0051F73B /* json.hpp */ = {isa = PBXFileReference; lastKnownFileType = sourcecode.cpp.h; path = json.hpp; sourceTree = "<group>"; };
		7C55F19C21221EA90051F73B /* constants.hpp */ = {isa = PBXFileReference; lastKnownFileType = sourcecode.cpp.h; path = constants.hpp; sourceTree = "<group>"; };
		7C598850210DC28F0037F853 /* ofxBeat.cpp */ = {isa = PBXFileReference; lastKnownFileType = sourcecode.cpp.cpp; path = ofxBeat.cpp; sourceTree = "<group>"; };
		7C598851210DC28F0037F853 /* ofxBeat.h */ = {isa = PBXFileReference; lastKnownFileType = sourcecode.c.h; path = ofxBeat.h; sourceTree = "<group>"; };
		7C598853210DC2CA0037F853 /* fft.cpp */ = {isa = PBXFileReference; lastKnownFileType = sourcecode.cpp.cpp; path = fft.cpp; sourceTree = "<group>"; };
		7C598854210DC2CA0037F853 /* fft.h */ = {isa = PBXFileReference; lastKnownFileType = sourcecode.c.h; path = fft.h; sourceTree = "<group>"; };
		7C598856210E41E30037F853 /* gif.cpp */ = {isa = PBXFileReference; lastKnownFileType = sourcecode.cpp.cpp; path = gif.cpp; sourceTree = "<group>"; };
		7C598857210E41E30037F853 /* gif.hpp */ = {isa = PBXFileReference; lastKnownFileType = sourcecode.cpp.h; path = gif.hpp; sourceTree = "<group>"; };
		7C6D5D9E211E165F0054A1FC /* imgui.h */ = {isa = PBXFileReference; fileEncoding = 4; lastKnownFileType = sourcecode.c.h; path = imgui.h; sourceTree = "<group>"; };
		7C6D5D9F211E165F0054A1FC /* LICENSE */ = {isa = PBXFileReference; fileEncoding = 4; lastKnownFileType = text; path = LICENSE; sourceTree = "<group>"; };
		7C6D5DA0211E165F0054A1FC /* stb_rect_pack.h */ = {isa = PBXFileReference; fileEncoding = 4; lastKnownFileType = sourcecode.c.h; path = stb_rect_pack.h; sourceTree = "<group>"; };
		7C6D5DA1211E165F0054A1FC /* README.md */ = {isa = PBXFileReference; fileEncoding = 4; lastKnownFileType = net.daringfireball.markdown; path = README.md; sourceTree = "<group>"; };
		7C6D5DA2211E165F0054A1FC /* stb_truetype.h */ = {isa = PBXFileReference; fileEncoding = 4; lastKnownFileType = sourcecode.c.h; path = stb_truetype.h; sourceTree = "<group>"; };
		7C6D5DA3211E165F0054A1FC /* imgui.cpp */ = {isa = PBXFileReference; fileEncoding = 4; lastKnownFileType = sourcecode.cpp.cpp; path = imgui.cpp; sourceTree = "<group>"; };
		7C6D5DA4211E165F0054A1FC /* imgui_internal.h */ = {isa = PBXFileReference; fileEncoding = 4; lastKnownFileType = sourcecode.c.h; path = imgui_internal.h; sourceTree = "<group>"; };
		7C6D5DA5211E165F0054A1FC /* stb_textedit.h */ = {isa = PBXFileReference; fileEncoding = 4; lastKnownFileType = sourcecode.c.h; path = stb_textedit.h; sourceTree = "<group>"; };
		7C6D5DA6211E165F0054A1FC /* imgui_demo.cpp */ = {isa = PBXFileReference; fileEncoding = 4; lastKnownFileType = sourcecode.cpp.cpp; path = imgui_demo.cpp; sourceTree = "<group>"; };
		7C6D5DA7211E165F0054A1FC /* imgui_draw.cpp */ = {isa = PBXFileReference; fileEncoding = 4; lastKnownFileType = sourcecode.cpp.cpp; path = imgui_draw.cpp; sourceTree = "<group>"; };
		7C6D5DBC211E165F0054A1FC /* Helpers.cpp */ = {isa = PBXFileReference; fileEncoding = 4; lastKnownFileType = sourcecode.cpp.cpp; path = Helpers.cpp; sourceTree = "<group>"; };
		7C6D5DBD211E165F0054A1FC /* EngineVk.h */ = {isa = PBXFileReference; fileEncoding = 4; lastKnownFileType = sourcecode.c.h; path = EngineVk.h; sourceTree = "<group>"; };
		7C6D5DBE211E165F0054A1FC /* BaseTheme.cpp */ = {isa = PBXFileReference; fileEncoding = 4; lastKnownFileType = sourcecode.cpp.cpp; path = BaseTheme.cpp; sourceTree = "<group>"; };
		7C6D5DBF211E165F0054A1FC /* imconfig.h */ = {isa = PBXFileReference; fileEncoding = 4; lastKnownFileType = sourcecode.c.h; path = imconfig.h; sourceTree = "<group>"; };
		7C6D5DC0211E165F0054A1FC /* BaseEngine.cpp */ = {isa = PBXFileReference; fileEncoding = 4; lastKnownFileType = sourcecode.cpp.cpp; path = BaseEngine.cpp; sourceTree = "<group>"; };
		7C6D5DC1211E165F0054A1FC /* EngineGLFW.h */ = {isa = PBXFileReference; fileEncoding = 4; lastKnownFileType = sourcecode.c.h; path = EngineGLFW.h; sourceTree = "<group>"; };
		7C6D5DC2211E165F0054A1FC /* BaseTheme.h */ = {isa = PBXFileReference; fileEncoding = 4; lastKnownFileType = sourcecode.c.h; path = BaseTheme.h; sourceTree = "<group>"; };
		7C6D5DC3211E165F0054A1FC /* ofxImGui.h */ = {isa = PBXFileReference; fileEncoding = 4; lastKnownFileType = sourcecode.c.h; path = ofxImGui.h; sourceTree = "<group>"; };
		7C6D5DC4211E165F0054A1FC /* BaseEngine.h */ = {isa = PBXFileReference; fileEncoding = 4; lastKnownFileType = sourcecode.c.h; path = BaseEngine.h; sourceTree = "<group>"; };
		7C6D5DC5211E165F0054A1FC /* Gui.h */ = {isa = PBXFileReference; fileEncoding = 4; lastKnownFileType = sourcecode.c.h; path = Gui.h; sourceTree = "<group>"; };
		7C6D5DC6211E165F0054A1FC /* EngineOpenGLES.h */ = {isa = PBXFileReference; fileEncoding = 4; lastKnownFileType = sourcecode.c.h; path = EngineOpenGLES.h; sourceTree = "<group>"; };
		7C6D5DC7211E165F0054A1FC /* Gui.cpp */ = {isa = PBXFileReference; fileEncoding = 4; lastKnownFileType = sourcecode.cpp.cpp; path = Gui.cpp; sourceTree = "<group>"; };
		7C6D5DC8211E165F0054A1FC /* EngineVk.cpp */ = {isa = PBXFileReference; fileEncoding = 4; lastKnownFileType = sourcecode.cpp.cpp; path = EngineVk.cpp; sourceTree = "<group>"; };
		7C6D5DC9211E165F0054A1FC /* EngineOpenGLES.cpp */ = {isa = PBXFileReference; fileEncoding = 4; lastKnownFileType = sourcecode.cpp.cpp; path = EngineOpenGLES.cpp; sourceTree = "<group>"; };
		7C6D5DCA211E165F0054A1FC /* EngineGLFW.cpp */ = {isa = PBXFileReference; fileEncoding = 4; lastKnownFileType = sourcecode.cpp.cpp; path = EngineGLFW.cpp; sourceTree = "<group>"; };
		7C6D5DCB211E165F0054A1FC /* ThemeTest.h */ = {isa = PBXFileReference; fileEncoding = 4; lastKnownFileType = sourcecode.c.h; path = ThemeTest.h; sourceTree = "<group>"; };
		7C6D5DCC211E165F0054A1FC /* Helpers.h */ = {isa = PBXFileReference; fileEncoding = 4; lastKnownFileType = sourcecode.c.h; path = Helpers.h; sourceTree = "<group>"; };
		7C6D5DCD211E165F0054A1FC /* ofxImGuiLoggerChannel.h */ = {isa = PBXFileReference; fileEncoding = 4; lastKnownFileType = sourcecode.c.h; path = ofxImGuiLoggerChannel.h; sourceTree = "<group>"; };
		7C6D5DCE211E165F0054A1FC /* ofxImGuiLoggerChannel.cpp */ = {isa = PBXFileReference; fileEncoding = 4; lastKnownFileType = sourcecode.cpp.cpp; path = ofxImGuiLoggerChannel.cpp; sourceTree = "<group>"; };
		7C6D5DE1211E1BD20054A1FC /* constants.hpp */ = {isa = PBXFileReference; lastKnownFileType = sourcecode.cpp.h; path = constants.hpp; sourceTree = "<group>"; };
		7C6D5DE2211E1C330054A1FC /* bpm_modifier.cpp */ = {isa = PBXFileReference; lastKnownFileType = sourcecode.cpp.cpp; path = bpm_modifier.cpp; sourceTree = "<group>"; };
		7C6D5DE3211E1C330054A1FC /* bpm_modifier.hpp */ = {isa = PBXFileReference; lastKnownFileType = sourcecode.cpp.h; path = bpm_modifier.hpp; sourceTree = "<group>"; };
		7C6D5DE8211F38EF0054A1FC /* image_preloader.cpp */ = {isa = PBXFileReference; lastKnownFileType = sourcecode.cpp.cpp; path = image_preloader.cpp; sourceTree = "<group>"; };
		7C6D5DE9211F38EF0054A1FC /* image_preloader.hpp */ = {isa = PBXFileReference; lastKnownFileType = sourcecode.cpp.h; path = image_preloader.hpp; sourceTree = "<group>"; };
		7C6D5DEB211F39B00054A1FC /* preloader_base.hpp */ = {isa = PBXFileReference; lastKnownFileType = sourcecode.cpp.h; path = preloader_base.hpp; sourceTree = "<group>"; };
		7C6D5DEC211F3D340054A1FC /* image.cpp */ = {isa = PBXFileReference; lastKnownFileType = sourcecode.cpp.cpp; path = image.cpp; sourceTree = "<group>"; };
		7C6D5DED211F3D340054A1FC /* image.hpp */ = {isa = PBXFileReference; lastKnownFileType = sourcecode.cpp.h; path = image.hpp; sourceTree = "<group>"; };
		7C6D5DEF21202B500054A1FC /* image_slideshow.cpp */ = {isa = PBXFileReference; lastKnownFileType = sourcecode.cpp.cpp; path = image_slideshow.cpp; sourceTree = "<group>"; };
		7C6D5DF021202B500054A1FC /* image_slideshow.hpp */ = {isa = PBXFileReference; lastKnownFileType = sourcecode.cpp.h; path = image_slideshow.hpp; sourceTree = "<group>"; };
		7C853D6420FFB5A100432545 /* gui_theme.hpp */ = {isa = PBXFileReference; lastKnownFileType = sourcecode.cpp.h; path = gui_theme.hpp; sourceTree = "<group>"; };
		7C8DA10320E5605900A7016A /* app.cpp */ = {isa = PBXFileReference; lastKnownFileType = sourcecode.cpp.cpp; path = app.cpp; sourceTree = "<group>"; };
		7C8DA10420E5605900A7016A /* app.hpp */ = {isa = PBXFileReference; lastKnownFileType = sourcecode.cpp.h; path = app.hpp; sourceTree = "<group>"; };
		7C8DA10620E56FC200A7016A /* layer_container.cpp */ = {isa = PBXFileReference; lastKnownFileType = sourcecode.cpp.cpp; path = layer_container.cpp; sourceTree = "<group>"; };
		7C8DA10720E56FC200A7016A /* layer_container.hpp */ = {isa = PBXFileReference; lastKnownFileType = sourcecode.cpp.h; path = layer_container.hpp; sourceTree = "<group>"; };
		7C8DA10A20E5705300A7016A /* base.hpp */ = {isa = PBXFileReference; lastKnownFileType = sourcecode.cpp.h; path = base.hpp; sourceTree = "<group>"; };
		7C8DA10C20E603F000A7016A /* of.hpp */ = {isa = PBXFileReference; lastKnownFileType = sourcecode.cpp.h; path = of.hpp; sourceTree = "<group>"; };
		7CB7ADCA20F89D3B0050626C /* system.cpp */ = {isa = PBXFileReference; lastKnownFileType = sourcecode.cpp.cpp; path = system.cpp; sourceTree = "<group>"; };
		7CB7ADCB20F89D3B0050626C /* system.hpp */ = {isa = PBXFileReference; lastKnownFileType = sourcecode.cpp.h; path = system.hpp; sourceTree = "<group>"; };
		7CB7ADCD20F8A51B0050626C /* ofOutputApp.cpp */ = {isa = PBXFileReference; lastKnownFileType = sourcecode.cpp.cpp; path = ofOutputApp.cpp; sourceTree = "<group>"; };
		7CB7ADCE20F8A51B0050626C /* ofOutputApp.h */ = {isa = PBXFileReference; lastKnownFileType = sourcecode.c.h; path = ofOutputApp.h; sourceTree = "<group>"; };
		7CB7ADD020F8A64F0050626C /* output_window.cpp */ = {isa = PBXFileReference; lastKnownFileType = sourcecode.cpp.cpp; path = output_window.cpp; sourceTree = "<group>"; };
		7CB7ADD120F8A64F0050626C /* output_window.hpp */ = {isa = PBXFileReference; lastKnownFileType = sourcecode.cpp.h; path = output_window.hpp; sourceTree = "<group>"; };
		7CB7ADD320FBA9620050626C /* text.cpp */ = {isa = PBXFileReference; lastKnownFileType = sourcecode.cpp.cpp; path = text.cpp; sourceTree = "<group>"; };
		7CB7ADD420FBA9620050626C /* text.hpp */ = {isa = PBXFileReference; lastKnownFileType = sourcecode.cpp.h; path = text.hpp; sourceTree = "<group>"; };
		7CB7ADDA20FBDB850050626C /* media_selector.cpp */ = {isa = PBXFileReference; lastKnownFileType = sourcecode.cpp.cpp; path = media_selector.cpp; sourceTree = "<group>"; };
		7CB7ADDB20FBDB850050626C /* media_selector.hpp */ = {isa = PBXFileReference; lastKnownFileType = sourcecode.cpp.h; path = media_selector.hpp; sourceTree = "<group>"; };
		E4328143138ABC890047C5CB /* openFrameworksLib.xcodeproj */ = {isa = PBXFileReference; lastKnownFileType = "wrapper.pb-project"; name = openFrameworksLib.xcodeproj; path = ../../../libs/openFrameworksCompiled/project/osx/openFrameworksLib.xcodeproj; sourceTree = SOURCE_ROOT; };
		E4B69B5B0A3A1756003C02F2 /* atlasDebug.app */ = {isa = PBXFileReference; explicitFileType = wrapper.application; includeInIndex = 0; path = atlasDebug.app; sourceTree = BUILT_PRODUCTS_DIR; };
		E4B69E1D0A3A1BDC003C02F2 /* main.cpp */ = {isa = PBXFileReference; fileEncoding = 30; lastKnownFileType = sourcecode.cpp.cpp; name = main.cpp; path = src/main.cpp; sourceTree = SOURCE_ROOT; };
		E4B69E1E0A3A1BDC003C02F2 /* ofApp.cpp */ = {isa = PBXFileReference; explicitFileType = sourcecode.cpp.cpp; fileEncoding = 30; name = ofApp.cpp; path = src/ofApp.cpp; sourceTree = SOURCE_ROOT; };
		E4B69E1F0A3A1BDC003C02F2 /* ofApp.h */ = {isa = PBXFileReference; fileEncoding = 30; lastKnownFileType = sourcecode.c.h; name = ofApp.h; path = src/ofApp.h; sourceTree = SOURCE_ROOT; };
		E4B6FCAD0C3E899E008CF71C /* openFrameworks-Info.plist */ = {isa = PBXFileReference; fileEncoding = 30; lastKnownFileType = text.plist.xml; path = "openFrameworks-Info.plist"; sourceTree = "<group>"; };
		E4EB691F138AFCF100A09F29 /* CoreOF.xcconfig */ = {isa = PBXFileReference; fileEncoding = 4; lastKnownFileType = text.xcconfig; name = CoreOF.xcconfig; path = ../../../libs/openFrameworksCompiled/project/osx/CoreOF.xcconfig; sourceTree = SOURCE_ROOT; };
		E4EB6923138AFD0F00A09F29 /* Project.xcconfig */ = {isa = PBXFileReference; fileEncoding = 4; lastKnownFileType = text.xcconfig; path = Project.xcconfig; sourceTree = "<group>"; };
/* End PBXFileReference section */

/* Begin PBXFrameworksBuildPhase section */
		E4B69B590A3A1756003C02F2 /* Frameworks */ = {
			isa = PBXFrameworksBuildPhase;
			buildActionMask = 2147483647;
			files = (
				E4328149138ABC9F0047C5CB /* openFrameworksDebug.a in Frameworks */,
			);
			runOnlyForDeploymentPostprocessing = 0;
		};
/* End PBXFrameworksBuildPhase section */

/* Begin PBXGroup section */
		6948EE371B920CB800B5AC1A /* local_addons */ = {
			isa = PBXGroup;
			children = (
			);
			name = local_addons;
			sourceTree = "<group>";
		};
		7C53CE4A20EFDDB800DE1866 /* view */ = {
			isa = PBXGroup;
			children = (
				7C53CE4C20EFE5B900DE1866 /* layers.cpp */,
				7C53CE4D20EFE5B900DE1866 /* layers.hpp */,
				7C53CE5220EFE60A00DE1866 /* output.cpp */,
				7C53CE5320EFE60A00DE1866 /* output.hpp */,
				7C53CE4F20EFE5FD00DE1866 /* preview.cpp */,
				7C53CE5020EFE5FD00DE1866 /* preview.hpp */,
				7C53CE7320F3337000DE1866 /* properties_partials.cpp */,
				7C53CE7420F3337000DE1866 /* properties_partials.hpp */,
				7C53CE5520EFE62900DE1866 /* properties.cpp */,
				7C53CE5620EFE62900DE1866 /* properties.hpp */,
				7CB7ADCA20F89D3B0050626C /* system.cpp */,
				7CB7ADCB20F89D3B0050626C /* system.hpp */,
				7CB7ADDA20FBDB850050626C /* media_selector.cpp */,
				7CB7ADDB20FBDB850050626C /* media_selector.hpp */,
			);
			path = view;
			sourceTree = "<group>";
		};
		7C53CE5D20F2393D00DE1866 /* gif */ = {
			isa = PBXGroup;
			children = (
				7C53CE6320F2393D00DE1866 /* BaseGifEncoder.cpp */,
				7C53CE6720F2393D00DE1866 /* BaseGifEncoder.h */,
				7C53CE6120F2393D00DE1866 /* BitmapIterator.cpp */,
				7C53CE6620F2393D00DE1866 /* BitmapIterator.h */,
				7C53CE6020F2393D00DE1866 /* DataBlock.cpp */,
				7C53CE5E20F2393D00DE1866 /* DataBlock.h */,
				7C53CE6520F2393D00DE1866 /* GifDecoder.cpp */,
				7C53CE5F20F2393D00DE1866 /* GifDecoder.h */,
				7C53CE6220F2393D00DE1866 /* GifFrame.cpp */,
				7C53CE6420F2393D00DE1866 /* GifFrame.h */,
			);
			path = gif;
			sourceTree = "<group>";
		};
		7C55F1972120B77E0051F73B /* json */ = {
			isa = PBXGroup;
			children = (
				7C55F1962120B65C0051F73B /* json.hpp */,
			);
			path = json;
			sourceTree = "<group>";
		};
		7C59884F210DC2780037F853 /* ofxBeat */ = {
			isa = PBXGroup;
			children = (
				7C598850210DC28F0037F853 /* ofxBeat.cpp */,
				7C598851210DC28F0037F853 /* ofxBeat.h */,
				7C598853210DC2CA0037F853 /* fft.cpp */,
				7C598854210DC2CA0037F853 /* fft.h */,
			);
			path = ofxBeat;
			sourceTree = "<group>";
		};
		7C6D5D8B211E165F0054A1FC /* ofxImGui */ = {
			isa = PBXGroup;
			children = (
				7C6D5DBC211E165F0054A1FC /* Helpers.cpp */,
				7C6D5DBD211E165F0054A1FC /* EngineVk.h */,
				7C6D5DBE211E165F0054A1FC /* BaseTheme.cpp */,
				7C6D5DBF211E165F0054A1FC /* imconfig.h */,
				7C6D5DC0211E165F0054A1FC /* BaseEngine.cpp */,
				7C6D5DC1211E165F0054A1FC /* EngineGLFW.h */,
				7C6D5DC2211E165F0054A1FC /* BaseTheme.h */,
				7C6D5DC3211E165F0054A1FC /* ofxImGui.h */,
				7C6D5DC4211E165F0054A1FC /* BaseEngine.h */,
				7C6D5DC5211E165F0054A1FC /* Gui.h */,
				7C6D5DC6211E165F0054A1FC /* EngineOpenGLES.h */,
				7C6D5DC7211E165F0054A1FC /* Gui.cpp */,
				7C6D5DC8211E165F0054A1FC /* EngineVk.cpp */,
				7C6D5DC9211E165F0054A1FC /* EngineOpenGLES.cpp */,
				7C6D5DCA211E165F0054A1FC /* EngineGLFW.cpp */,
				7C6D5DCB211E165F0054A1FC /* ThemeTest.h */,
				7C6D5DCC211E165F0054A1FC /* Helpers.h */,
				7C6D5DCD211E165F0054A1FC /* ofxImGuiLoggerChannel.h */,
				7C6D5DCE211E165F0054A1FC /* ofxImGuiLoggerChannel.cpp */,
				7C6D5D9B211E165F0054A1FC /* libs */,
			);
			path = ofxImGui;
			sourceTree = "<group>";
		};
		7C6D5D9B211E165F0054A1FC /* libs */ = {
			isa = PBXGroup;
			children = (
				7C6D5D9C211E165F0054A1FC /* imgui */,
			);
			path = libs;
			sourceTree = "<group>";
		};
		7C6D5D9C211E165F0054A1FC /* imgui */ = {
			isa = PBXGroup;
			children = (
				7C6D5D9D211E165F0054A1FC /* src */,
			);
			path = imgui;
			sourceTree = "<group>";
		};
		7C6D5D9D211E165F0054A1FC /* src */ = {
			isa = PBXGroup;
			children = (
				7C6D5D9E211E165F0054A1FC /* imgui.h */,
				7C6D5D9F211E165F0054A1FC /* LICENSE */,
				7C6D5DA0211E165F0054A1FC /* stb_rect_pack.h */,
				7C6D5DA1211E165F0054A1FC /* README.md */,
				7C6D5DA2211E165F0054A1FC /* stb_truetype.h */,
				7C6D5DA3211E165F0054A1FC /* imgui.cpp */,
				7C6D5DA4211E165F0054A1FC /* imgui_internal.h */,
				7C6D5DA5211E165F0054A1FC /* stb_textedit.h */,
				7C6D5DA6211E165F0054A1FC /* imgui_demo.cpp */,
				7C6D5DA7211E165F0054A1FC /* imgui_draw.cpp */,
			);
			path = src;
			sourceTree = "<group>";
		};
		7C6D5DE7211F37F70054A1FC /* libs */ = {
			isa = PBXGroup;
			children = (
				7C53CE6E20F239D500DE1866 /* gif_preloader.cpp */,
				7C53CE6D20F239D500DE1866 /* gif_preloader.hpp */,
				7C6D5DE8211F38EF0054A1FC /* image_preloader.cpp */,
				7C6D5DE9211F38EF0054A1FC /* image_preloader.hpp */,
				7C6D5DEB211F39B00054A1FC /* preloader_base.hpp */,
				7C4C21F2213DAF45005DCF7D /* linear_timeline.hpp */,
			);
			path = libs;
			sourceTree = "<group>";
		};
		7C8DA0C520E5604300A7016A /* core */ = {
			isa = PBXGroup;
			children = (
				7C53CE4B20EFE18B00DE1866 /* app_settings.hpp */,
				7C8DA10320E5605900A7016A /* app.cpp */,
				7C8DA10420E5605900A7016A /* app.hpp */,
				7C4B764420F7D91D00BFF986 /* blend_shaders.cpp */,
				7C4B764320F7A7A300BFF986 /* blend_shaders.hpp */,
				7C6D5DE2211E1C330054A1FC /* bpm_modifier.cpp */,
				7C6D5DE3211E1C330054A1FC /* bpm_modifier.hpp */,
				7C6D5DE1211E1BD20054A1FC /* constants.hpp */,
				7C53CE4420EAAE7E00DE1866 /* layer_compositor.cpp */,
				7C53CE4520EAAE7E00DE1866 /* layer_compositor.hpp */,
				7C8DA10620E56FC200A7016A /* layer_container.cpp */,
				7C8DA10720E56FC200A7016A /* layer_container.hpp */,
				7CB7ADD020F8A64F0050626C /* output_window.cpp */,
				7CB7ADD120F8A64F0050626C /* output_window.hpp */,
			);
			path = core;
			sourceTree = "<group>";
		};
		7C8DA0C620E5604300A7016A /* layer */ = {
			isa = PBXGroup;
			children = (
				7C8DA10A20E5705300A7016A /* base.hpp */,
				7C55F19C21221EA90051F73B /* constants.hpp */,
				7C53CE5A20F0E58300DE1866 /* empty.cpp */,
				7C53CE5B20F0E58300DE1866 /* empty.hpp */,
				7C53CE4120EA885700DE1866 /* fbo_canvas.cpp */,
				7C53CE4220EA885700DE1866 /* fbo_canvas.hpp */,
				7C53CE7020F23CC000DE1866 /* gif_directory.cpp */,
				7C53CE7120F23CC000DE1866 /* gif_directory.hpp */,
				7C598856210E41E30037F853 /* gif.cpp */,
				7C598857210E41E30037F853 /* gif.hpp */,
				7C6D5DEF21202B500054A1FC /* image_slideshow.cpp */,
				7C6D5DF021202B500054A1FC /* image_slideshow.hpp */,
				7C6D5DEC211F3D340054A1FC /* image.cpp */,
				7C6D5DED211F3D340054A1FC /* image.hpp */,
				7C6D5DE7211F37F70054A1FC /* libs */,
				7CB7ADD320FBA9620050626C /* text.cpp */,
				7CB7ADD420FBA9620050626C /* text.hpp */,
			);
			path = layer;
			sourceTree = "<group>";
		};
		7C8DA0C720E5604300A7016A /* libs */ = {
			isa = PBXGroup;
			children = (
				7C55F1972120B77E0051F73B /* json */,
				7C6D5D8B211E165F0054A1FC /* ofxImGui */,
				7C59884F210DC2780037F853 /* ofxBeat */,
				7C53CE5D20F2393D00DE1866 /* gif */,
				7C8DA10C20E603F000A7016A /* of.hpp */,
				7C55F1982120B78D0051F73B /* json.hpp */,
			);
			path = libs;
			sourceTree = "<group>";
		};
		7C8DA10D20E608BD00A7016A /* gui */ = {
			isa = PBXGroup;
			children = (
				7C53CE5820EFE6B700DE1866 /* gui_settings.hpp */,
				7C853D6420FFB5A100432545 /* gui_theme.hpp */,
				7C53CE4720EFDB2500DE1866 /* gui.cpp */,
				7C53CE4820EFDB2500DE1866 /* gui.hpp */,
				7C53CE5920EFEC7D00DE1866 /* types.hpp */,
				7C53CE4A20EFDDB800DE1866 /* view */,
			);
			path = gui;
			sourceTree = "<group>";
		};
		BB4B014C10F69532006C3DED /* addons */ = {
			isa = PBXGroup;
			children = (
			);
			name = addons;
			sourceTree = "<group>";
		};
		E4328144138ABC890047C5CB /* Products */ = {
			isa = PBXGroup;
			children = (
				E4328148138ABC890047C5CB /* openFrameworksDebug.a */,
			);
			name = Products;
			sourceTree = "<group>";
		};
		E4B69B4A0A3A1720003C02F2 = {
			isa = PBXGroup;
			children = (
				BB4B014C10F69532006C3DED /* addons */,
				E4B69B5B0A3A1756003C02F2 /* atlasDebug.app */,
				6948EE371B920CB800B5AC1A /* local_addons */,
				E4EEC9E9138DF44700A80321 /* openFrameworks */,
				E4B6FCAD0C3E899E008CF71C /* openFrameworks-Info.plist */,
				E4EB6923138AFD0F00A09F29 /* Project.xcconfig */,
				7C38A20A208E5E5E00CBC8BD /* README.md */,
				7C38A20B208E5E6F00CBC8BD /* screenshot.jpg */,
				E4B69E1C0A3A1BDC003C02F2 /* src */,
			);
			sourceTree = "<group>";
		};
		E4B69E1C0A3A1BDC003C02F2 /* src */ = {
			isa = PBXGroup;
			children = (
				7C8DA0C520E5604300A7016A /* core */,
				7C8DA10D20E608BD00A7016A /* gui */,
				7C8DA0C620E5604300A7016A /* layer */,
				7C8DA0C720E5604300A7016A /* libs */,
				E4B69E1D0A3A1BDC003C02F2 /* main.cpp */,
				E4B69E1E0A3A1BDC003C02F2 /* ofApp.cpp */,
				E4B69E1F0A3A1BDC003C02F2 /* ofApp.h */,
				7CB7ADCD20F8A51B0050626C /* ofOutputApp.cpp */,
				7CB7ADCE20F8A51B0050626C /* ofOutputApp.h */,
			);
			path = src;
			sourceTree = SOURCE_ROOT;
		};
		E4EEC9E9138DF44700A80321 /* openFrameworks */ = {
			isa = PBXGroup;
			children = (
				E4EB691F138AFCF100A09F29 /* CoreOF.xcconfig */,
				E4328143138ABC890047C5CB /* openFrameworksLib.xcodeproj */,
			);
			name = openFrameworks;
			sourceTree = "<group>";
		};
/* End PBXGroup section */

/* Begin PBXNativeTarget section */
		E4B69B5A0A3A1756003C02F2 /* atlas */ = {
			isa = PBXNativeTarget;
			buildConfigurationList = E4B69B5F0A3A1757003C02F2 /* Build configuration list for PBXNativeTarget "atlas" */;
			buildPhases = (
				E4B69B580A3A1756003C02F2 /* Sources */,
				E4B69B590A3A1756003C02F2 /* Frameworks */,
				E4B6FFFD0C3F9AB9008CF71C /* ShellScript */,
				E4C2427710CC5ABF004149E2 /* CopyFiles */,
			);
			buildRules = (
			);
			dependencies = (
				E4EEB9AC138B136A00A80321 /* PBXTargetDependency */,
			);
			name = atlas;
			productName = myOFApp;
			productReference = E4B69B5B0A3A1756003C02F2 /* atlasDebug.app */;
			productType = "com.apple.product-type.application";
		};
/* End PBXNativeTarget section */

/* Begin PBXProject section */
		E4B69B4C0A3A1720003C02F2 /* Project object */ = {
			isa = PBXProject;
			attributes = {
				LastUpgradeCheck = 0600;
			};
			buildConfigurationList = E4B69B4D0A3A1720003C02F2 /* Build configuration list for PBXProject "atlas" */;
			compatibilityVersion = "Xcode 3.2";
			developmentRegion = English;
			hasScannedForEncodings = 0;
			knownRegions = (
				English,
				Japanese,
				French,
				German,
			);
			mainGroup = E4B69B4A0A3A1720003C02F2;
			productRefGroup = E4B69B4A0A3A1720003C02F2;
			projectDirPath = "";
			projectReferences = (
				{
					ProductGroup = E4328144138ABC890047C5CB /* Products */;
					ProjectRef = E4328143138ABC890047C5CB /* openFrameworksLib.xcodeproj */;
				},
			);
			projectRoot = "";
			targets = (
				E4B69B5A0A3A1756003C02F2 /* atlas */,
			);
		};
/* End PBXProject section */

/* Begin PBXReferenceProxy section */
		E4328148138ABC890047C5CB /* openFrameworksDebug.a */ = {
			isa = PBXReferenceProxy;
			fileType = archive.ar;
			path = openFrameworksDebug.a;
			remoteRef = E4328147138ABC890047C5CB /* PBXContainerItemProxy */;
			sourceTree = BUILT_PRODUCTS_DIR;
		};
/* End PBXReferenceProxy section */

/* Begin PBXShellScriptBuildPhase section */
		E4B6FFFD0C3F9AB9008CF71C /* ShellScript */ = {
			isa = PBXShellScriptBuildPhase;
			buildActionMask = 2147483647;
			files = (
			);
			inputPaths = (
			);
			outputPaths = (
			);
			runOnlyForDeploymentPostprocessing = 0;
			shellPath = /bin/sh;
			shellScript = "mkdir -p \"$TARGET_BUILD_DIR/$PRODUCT_NAME.app/Contents/Resources/\"\n# Copy default icon file into App/Resources\nrsync -aved \"$ICON_FILE\" \"$TARGET_BUILD_DIR/$PRODUCT_NAME.app/Contents/Resources/\"\n# Copy libfmod and change install directory for fmod to run\nrsync -aved ../../../libs/fmodex/lib/osx/libfmodex.dylib \"$TARGET_BUILD_DIR/$PRODUCT_NAME.app/Contents/Frameworks/\";\ninstall_name_tool -change @executable_path/libfmodex.dylib @executable_path/../Frameworks/libfmodex.dylib \"$TARGET_BUILD_DIR/$PRODUCT_NAME.app/Contents/MacOS/$PRODUCT_NAME\";\n# Copy GLUT framework (must remove for AppStore submissions)\nrsync -aved ../../../libs/glut/lib/osx/GLUT.framework \"$TARGET_BUILD_DIR/$PRODUCT_NAME.app/Contents/Frameworks/\"\n";
		};
/* End PBXShellScriptBuildPhase section */

/* Begin PBXSourcesBuildPhase section */
		E4B69B580A3A1756003C02F2 /* Sources */ = {
			isa = PBXSourcesBuildPhase;
			buildActionMask = 2147483647;
			files = (
				7C598855210DC2CA0037F853 /* fft.cpp in Sources */,
				E4B69E200A3A1BDC003C02F2 /* main.cpp in Sources */,
				7C6D5DEA211F38EF0054A1FC /* image_preloader.cpp in Sources */,
				7C53CE6920F2393D00DE1866 /* BitmapIterator.cpp in Sources */,
				7CB7ADD520FBA9620050626C /* text.cpp in Sources */,
				7C6D5DD4211E165F0054A1FC /* imgui_draw.cpp in Sources */,
				7C6D5DD2211E165F0054A1FC /* imgui.cpp in Sources */,
				7C8DA10820E56FC200A7016A /* layer_container.cpp in Sources */,
				7C6D5DF121202B500054A1FC /* image_slideshow.cpp in Sources */,
				7C6D5DDA211E165F0054A1FC /* BaseTheme.cpp in Sources */,
				7C8DA10520E5605900A7016A /* app.cpp in Sources */,
				7C6D5DD3211E165F0054A1FC /* imgui_demo.cpp in Sources */,
				7C598858210E41E30037F853 /* gif.cpp in Sources */,
				7C53CE7220F23CC000DE1866 /* gif_directory.cpp in Sources */,
				7CB7ADCF20F8A51B0050626C /* ofOutputApp.cpp in Sources */,
				7C53CE6820F2393D00DE1866 /* DataBlock.cpp in Sources */,
				7C53CE4E20EFE5B900DE1866 /* layers.cpp in Sources */,
				7C6D5DDB211E165F0054A1FC /* BaseEngine.cpp in Sources */,
				7C53CE6F20F239D500DE1866 /* gif_preloader.cpp in Sources */,
				E4B69E210A3A1BDC003C02F2 /* ofApp.cpp in Sources */,
				7C6D5DDC211E165F0054A1FC /* Gui.cpp in Sources */,
				7C53CE6A20F2393D00DE1866 /* GifFrame.cpp in Sources */,
				7C53CE4620EAAE7E00DE1866 /* layer_compositor.cpp in Sources */,
				7C53CE6B20F2393D00DE1866 /* BaseGifEncoder.cpp in Sources */,
				7C6D5DE0211E165F0054A1FC /* ofxImGuiLoggerChannel.cpp in Sources */,
				7CB7ADCC20F89D3B0050626C /* system.cpp in Sources */,
				7C6D5DDD211E165F0054A1FC /* EngineVk.cpp in Sources */,
				7C598852210DC28F0037F853 /* ofxBeat.cpp in Sources */,
				7C4B764520F7D91D00BFF986 /* blend_shaders.cpp in Sources */,
				7C53CE5C20F0E58300DE1866 /* empty.cpp in Sources */,
				7C53CE5720EFE62900DE1866 /* properties.cpp in Sources */,
				7C6D5DE4211E1C330054A1FC /* bpm_modifier.cpp in Sources */,
				7C53CE4920EFDB2500DE1866 /* gui.cpp in Sources */,
				7C53CE5420EFE60A00DE1866 /* output.cpp in Sources */,
				7C53CE7520F3337000DE1866 /* properties_partials.cpp in Sources */,
				7C53CE4320EA885700DE1866 /* fbo_canvas.cpp in Sources */,
				7C53CE6C20F2393D00DE1866 /* GifDecoder.cpp in Sources */,
				7C6D5DEE211F3D340054A1FC /* image.cpp in Sources */,
				7C6D5DD9211E165F0054A1FC /* Helpers.cpp in Sources */,
				7C6D5DDF211E165F0054A1FC /* EngineGLFW.cpp in Sources */,
				7CB7ADD220F8A64F0050626C /* output_window.cpp in Sources */,
				7C53CE5120EFE5FD00DE1866 /* preview.cpp in Sources */,
				7C6D5DDE211E165F0054A1FC /* EngineOpenGLES.cpp in Sources */,
				7CB7ADDC20FBDB850050626C /* media_selector.cpp in Sources */,
			);
			runOnlyForDeploymentPostprocessing = 0;
		};
/* End PBXSourcesBuildPhase section */

/* Begin PBXTargetDependency section */
		E4EEB9AC138B136A00A80321 /* PBXTargetDependency */ = {
			isa = PBXTargetDependency;
			name = openFrameworks;
			targetProxy = E4EEB9AB138B136A00A80321 /* PBXContainerItemProxy */;
		};
/* End PBXTargetDependency section */

/* Begin XCBuildConfiguration section */
		E4B69B4E0A3A1720003C02F2 /* Debug */ = {
			isa = XCBuildConfiguration;
			baseConfigurationReference = E4EB6923138AFD0F00A09F29 /* Project.xcconfig */;
			buildSettings = {
				CONFIGURATION_BUILD_DIR = "$(SRCROOT)/bin/";
				COPY_PHASE_STRIP = NO;
				DEAD_CODE_STRIPPING = YES;
				GCC_AUTO_VECTORIZATION = YES;
				GCC_ENABLE_SSE3_EXTENSIONS = YES;
				GCC_ENABLE_SUPPLEMENTAL_SSE3_INSTRUCTIONS = YES;
				GCC_INLINES_ARE_PRIVATE_EXTERN = NO;
				GCC_OPTIMIZATION_LEVEL = 0;
				GCC_SYMBOLS_PRIVATE_EXTERN = NO;
				GCC_WARN_ABOUT_DEPRECATED_FUNCTIONS = YES;
				GCC_WARN_ABOUT_INVALID_OFFSETOF_MACRO = NO;
				GCC_WARN_ALLOW_INCOMPLETE_PROTOCOL = NO;
				GCC_WARN_UNINITIALIZED_AUTOS = NO;
				GCC_WARN_UNUSED_VALUE = NO;
				GCC_WARN_UNUSED_VARIABLE = NO;
				HEADER_SEARCH_PATHS = (
					"$(OF_CORE_HEADERS)",
					src,
					src/core,
					src/layer,
				);
				MACOSX_DEPLOYMENT_TARGET = 10.8;
				ONLY_ACTIVE_ARCH = YES;
				OTHER_CPLUSPLUSFLAGS = (
					"-D__MACOSX_CORE__",
					"-mtune=native",
				);
				SDKROOT = macosx;
			};
			name = Debug;
		};
		E4B69B4F0A3A1720003C02F2 /* Release */ = {
			isa = XCBuildConfiguration;
			baseConfigurationReference = E4EB6923138AFD0F00A09F29 /* Project.xcconfig */;
			buildSettings = {
				CONFIGURATION_BUILD_DIR = "$(SRCROOT)/bin/";
				COPY_PHASE_STRIP = YES;
				DEAD_CODE_STRIPPING = YES;
				GCC_AUTO_VECTORIZATION = YES;
				GCC_ENABLE_SSE3_EXTENSIONS = YES;
				GCC_ENABLE_SUPPLEMENTAL_SSE3_INSTRUCTIONS = YES;
				GCC_INLINES_ARE_PRIVATE_EXTERN = NO;
				GCC_OPTIMIZATION_LEVEL = 3;
				GCC_SYMBOLS_PRIVATE_EXTERN = NO;
				GCC_UNROLL_LOOPS = YES;
				GCC_WARN_ABOUT_DEPRECATED_FUNCTIONS = YES;
				GCC_WARN_ABOUT_INVALID_OFFSETOF_MACRO = NO;
				GCC_WARN_ALLOW_INCOMPLETE_PROTOCOL = NO;
				GCC_WARN_UNINITIALIZED_AUTOS = NO;
				GCC_WARN_UNUSED_VALUE = NO;
				GCC_WARN_UNUSED_VARIABLE = NO;
				HEADER_SEARCH_PATHS = (
					"$(OF_CORE_HEADERS)",
					src,
					src/core,
					src/layer,
				);
				MACOSX_DEPLOYMENT_TARGET = 10.8;
				OTHER_CPLUSPLUSFLAGS = (
					"-D__MACOSX_CORE__",
					"-mtune=native",
				);
				SDKROOT = macosx;
			};
			name = Release;
		};
		E4B69B600A3A1757003C02F2 /* Debug */ = {
			isa = XCBuildConfiguration;
			baseConfigurationReference = E4EB6923138AFD0F00A09F29 /* Project.xcconfig */;
			buildSettings = {
				COMBINE_HIDPI_IMAGES = YES;
				COPY_PHASE_STRIP = NO;
				FRAMEWORK_SEARCH_PATHS = (
					"$(inherited)",
					"$(FRAMEWORK_SEARCH_PATHS_QUOTED_FOR_TARGET_1)",
				);
				FRAMEWORK_SEARCH_PATHS_QUOTED_FOR_TARGET_1 = "\"$(SRCROOT)/../../../libs/glut/lib/osx\"";
				GCC_DYNAMIC_NO_PIC = NO;
				GCC_GENERATE_DEBUGGING_SYMBOLS = YES;
				GCC_MODEL_TUNING = NONE;
				HEADER_SEARCH_PATHS = (
					"$(OF_CORE_HEADERS)",
					src,
					src/core,
					src/layer,
					../../../addons/ofxImGui/libs,
					../../../addons/ofxImGui/libs/imgui,
					../../../addons/ofxImGui/libs/imgui/src,
					../../../addons/ofxImGui/src,
				);
				ICON = "$(ICON_NAME_DEBUG)";
				ICON_FILE = "$(ICON_FILE_PATH)$(ICON)";
				INFOPLIST_FILE = "openFrameworks-Info.plist";
				INSTALL_PATH = /Applications;
				LIBRARY_SEARCH_PATHS = "$(inherited)";
				PRODUCT_NAME = "$(TARGET_NAME)Debug";
				WRAPPER_EXTENSION = app;
			};
			name = Debug;
		};
		E4B69B610A3A1757003C02F2 /* Release */ = {
			isa = XCBuildConfiguration;
			baseConfigurationReference = E4EB6923138AFD0F00A09F29 /* Project.xcconfig */;
			buildSettings = {
				COMBINE_HIDPI_IMAGES = YES;
				COPY_PHASE_STRIP = YES;
				FRAMEWORK_SEARCH_PATHS = (
					"$(inherited)",
					"$(FRAMEWORK_SEARCH_PATHS_QUOTED_FOR_TARGET_1)",
				);
				FRAMEWORK_SEARCH_PATHS_QUOTED_FOR_TARGET_1 = "\"$(SRCROOT)/../../../libs/glut/lib/osx\"";
				GCC_GENERATE_DEBUGGING_SYMBOLS = YES;
				GCC_MODEL_TUNING = NONE;
				HEADER_SEARCH_PATHS = (
					"$(OF_CORE_HEADERS)",
					src,
					src/core,
					src/layer,
					../../../addons/ofxImGui/libs,
					../../../addons/ofxImGui/libs/imgui,
					../../../addons/ofxImGui/libs/imgui/src,
					../../../addons/ofxImGui/src,
				);
				ICON = "$(ICON_NAME_RELEASE)";
				ICON_FILE = "$(ICON_FILE_PATH)$(ICON)";
				INFOPLIST_FILE = "openFrameworks-Info.plist";
				INSTALL_PATH = /Applications;
				LIBRARY_SEARCH_PATHS = "$(inherited)";
				PRODUCT_NAME = "$(TARGET_NAME)";
				WRAPPER_EXTENSION = app;
				baseConfigurationReference = E4EB6923138AFD0F00A09F29;
			};
			name = Release;
		};
/* End XCBuildConfiguration section */

/* Begin XCConfigurationList section */
		E4B69B4D0A3A1720003C02F2 /* Build configuration list for PBXProject "atlas" */ = {
			isa = XCConfigurationList;
			buildConfigurations = (
				E4B69B4E0A3A1720003C02F2 /* Debug */,
				E4B69B4F0A3A1720003C02F2 /* Release */,
			);
			defaultConfigurationIsVisible = 0;
			defaultConfigurationName = Release;
		};
		E4B69B5F0A3A1757003C02F2 /* Build configuration list for PBXNativeTarget "atlas" */ = {
			isa = XCConfigurationList;
			buildConfigurations = (
				E4B69B600A3A1757003C02F2 /* Debug */,
				E4B69B610A3A1757003C02F2 /* Release */,
			);
			defaultConfigurationIsVisible = 0;
			defaultConfigurationName = Release;
		};
/* End XCConfigurationList section */
	};
	rootObject = E4B69B4C0A3A1720003C02F2 /* Project object */;
}
